
Microsoft Visual Studio Solution File, Format Version 12.00
# Visual Studio Version 17
VisualStudioVersion = 17.6.33829.357
MinimumVisualStudioVersion = 10.0.40219.1
Project("{FAE04EC0-301F-11D3-BF4B-00C04F79EFBC}") = "MyFirstMVC", "MyFirstMVC.csproj", "{912FBDA4-F28E-4FF6-B84B-E5E681E4AB45}"
EndProject
Global
	GlobalSection(SolutionConfigurationPlatforms) = preSolution
		Debug|Any CPU = Debug|Any CPU
		Release|Any CPU = Release|Any CPU
	EndGlobalSection
	GlobalSection(ProjectConfigurationPlatforms) = postSolution
		{912FBDA4-F28E-4FF6-B84B-E5E681E4AB45}.Debug|Any CPU.ActiveCfg = Debug|Any CPU
		{912FBDA4-F28E-4FF6-B84B-E5E681E4AB45}.Debug|Any CPU.Build.0 = Debug|Any CPU
		{912FBDA4-F28E-4FF6-B84B-E5E681E4AB45}.Release|Any CPU.ActiveCfg = Release|Any CPU
		{912FBDA4-F28E-4FF6-B84B-E5E681E4AB45}.Release|Any CPU.Build.0 = Release|Any CPU
	EndGlobalSection
	GlobalSection(SolutionProperties) = preSolution
		HideSolutionNode = FALSE
	EndGlobalSection
	GlobalSection(ExtensibilityGlobals) = postSolution
		SolutionGuid = {B7200165-34B7-402A-B0A8-B592B14E3658}
	EndGlobalSection
EndGlobal
